github.com/bluekeyes/go-gitdiff v0.8.1 h1:lL1GofKMywO17c0lgQmJYcKek5+s8X6tXVNOLxy4smI=
github.com/bluekeyes/go-gitdiff v0.8.1/go.mod h1:WWAk1Mc6EgWarCrPFO+xeYlujPu98VuLW3Tu+B/85AE=
github.com/gitleaks/go-gitdiff v0.9.1 h1:ni6z6/3i9ODT685OLCTf+s/ERlWUNWQF4x1pvoNICw0=
github.com/gitleaks/go-gitdiff v0.9.1/go.mod h1:pKz0X4YzCKZs30BL+weqBIG7mx0jl4tF1uXV9ZyNvrA=
github.com/hexops/gotextdiff v1.0.3 h1:gitA9+qJrrTCsiCl7+kh75nPqQt1cx4ZkudSTLoUqJM=
github.com/hexops/gotextdiff v1.0.3/go.mod h1:pSWU5MAI3yDq+fZBTazCSJysOMbxWL1BSow5/V2vxeg=
